// !$*UTF8*$!
{
	archiveVersion = 1;
	classes = {
	};
	objectVersion = 46;
	objects = {

/* Begin PBXBuildFile section */
		3BB4169B190A9999007A8658 /* Foundation.framework in Frameworks */ = {isa = PBXBuildFile; fileRef = 3BB4169A190A9999007A8658 /* Foundation.framework */; };
		3BB4169D190A9999007A8658 /* CoreGraphics.framework in Frameworks */ = {isa = PBXBuildFile; fileRef = 3BB4169C190A9999007A8658 /* CoreGraphics.framework */; };
		3BB4169F190A9999007A8658 /* UIKit.framework in Frameworks */ = {isa = PBXBuildFile; fileRef = 3BB4169E190A9999007A8658 /* UIKit.framework */; };
		3BB416A5190A9999007A8658 /* InfoPlist.strings in Resources */ = {isa = PBXBuildFile; fileRef = 3BB416A3190A9999007A8658 /* InfoPlist.strings */; };
		3BB416A7190A9999007A8658 /* main.m in Sources */ = {isa = PBXBuildFile; fileRef = 3BB416A6190A9999007A8658 /* main.m */; };
		3BB416AB190A9999007A8658 /* SFSAppDelegate.m in Sources */ = {isa = PBXBuildFile; fileRef = 3BB416AA190A9999007A8658 /* SFSAppDelegate.m */; };
		3BB416AE190A9999007A8658 /* Main.storyboard in Resources */ = {isa = PBXBuildFile; fileRef = 3BB416AC190A9999007A8658 /* Main.storyboard */; };
		3BB416B3190A9999007A8658 /* Images.xcassets in Resources */ = {isa = PBXBuildFile; fileRef = 3BB416B2190A9999007A8658 /* Images.xcassets */; };
		3BB416BA190A9999007A8658 /* XCTest.framework in Frameworks */ = {isa = PBXBuildFile; fileRef = 3BB416B9190A9999007A8658 /* XCTest.framework */; };
		3BB416BB190A9999007A8658 /* Foundation.framework in Frameworks */ = {isa = PBXBuildFile; fileRef = 3BB4169A190A9999007A8658 /* Foundation.framework */; };
		3BB416BC190A9999007A8658 /* UIKit.framework in Frameworks */ = {isa = PBXBuildFile; fileRef = 3BB4169E190A9999007A8658 /* UIKit.framework */; };
		3BB416C4190A9999007A8658 /* InfoPlist.strings in Resources */ = {isa = PBXBuildFile; fileRef = 3BB416C2190A9999007A8658 /* InfoPlist.strings */; };
		3BB416C6190A9999007A8658 /* UnwindDemoTests.m in Sources */ = {isa = PBXBuildFile; fileRef = 3BB416C5190A9999007A8658 /* UnwindDemoTests.m */; };
		3BB416D1190A9FAC007A8658 /* SFSWeighInInfo.m in Sources */ = {isa = PBXBuildFile; fileRef = 3BB416D0190A9FAC007A8658 /* SFSWeighInInfo.m */; };
		3BB416D4190AA247007A8658 /* SFSWeighInsTableViewController.m in Sources */ = {isa = PBXBuildFile; fileRef = 3BB416D3190AA247007A8658 /* SFSWeighInsTableViewController.m */; };
		3BB416D7190ACA68007A8658 /* SFSWeighInDetailViewController.m in Sources */ = {isa = PBXBuildFile; fileRef = 3BB416D6190ACA68007A8658 /* SFSWeighInDetailViewController.m */; };
/* End PBXBuildFile section */

/* Begin PBXContainerItemProxy section */
		3BB416BD190A9999007A8658 /* PBXContainerItemProxy */ = {
			isa = PBXContainerItemProxy;
			containerPortal = 3BB4168F190A9999007A8658 /* Project object */;
			proxyType = 1;
			remoteGlobalIDString = 3BB41696190A9999007A8658;
			remoteInfo = UnwindDemo;
		};
/* End PBXContainerItemProxy section */

/* Begin PBXFileReference section */
		3BB41697190A9999007A8658 /* UnwindDemo.app */ = {isa = PBXFileReference; explicitFileType = wrapper.application; includeInIndex = 0; path = UnwindDemo.app; sourceTree = BUILT_PRODUCTS_DIR; };
		3BB4169A190A9999007A8658 /* Foundation.framework */ = {isa = PBXFileReference; lastKnownFileType = wrapper.framework; name = Foundation.framework; path = System/Library/Frameworks/Foundation.framework; sourceTree = SDKROOT; };
		3BB4169C190A9999007A8658 /* CoreGraphics.framework */ = {isa = PBXFileReference; lastKnownFileType = wrapper.framework; name = CoreGraphics.framework; path = System/Library/Frameworks/CoreGraphics.framework; sourceTree = SDKROOT; };
		3BB4169E190A9999007A8658 /* UIKit.framework */ = {isa = PBXFileReference; lastKnownFileType = wrapper.framework; name = UIKit.framework; path = System/Library/Frameworks/UIKit.framework; sourceTree = SDKROOT; };
		3BB416A2190A9999007A8658 /* UnwindDemo-Info.plist */ = {isa = PBXFileReference; lastKnownFileType = text.plist.xml; path = "UnwindDemo-Info.plist"; sourceTree = "<group>"; };
		3BB416A4190A9999007A8658 /* en */ = {isa = PBXFileReference; lastKnownFileType = text.plist.strings; name = en; path = en.lproj/InfoPlist.strings; sourceTree = "<group>"; };
		3BB416A6190A9999007A8658 /* main.m */ = {isa = PBXFileReference; lastKnownFileType = sourcecode.c.objc; path = main.m; sourceTree = "<group>"; };
		3BB416A8190A9999007A8658 /* UnwindDemo-Prefix.pch */ = {isa = PBXFileReference; lastKnownFileType = sourcecode.c.h; path = "UnwindDemo-Prefix.pch"; sourceTree = "<group>"; };
		3BB416A9190A9999007A8658 /* SFSAppDelegate.h */ = {isa = PBXFileReference; lastKnownFileType = sourcecode.c.h; path = SFSAppDelegate.h; sourceTree = "<group>"; };
		3BB416AA190A9999007A8658 /* SFSAppDelegate.m */ = {isa = PBXFileReference; lastKnownFileType = sourcecode.c.objc; path = SFSAppDelegate.m; sourceTree = "<group>"; };
		3BB416AD190A9999007A8658 /* Base */ = {isa = PBXFileReference; lastKnownFileType = file.storyboard; name = Base; path = Base.lproj/Main.storyboard; sourceTree = "<group>"; };
		3BB416B2190A9999007A8658 /* Images.xcassets */ = {isa = PBXFileReference; lastKnownFileType = folder.assetcatalog; path = Images.xcassets; sourceTree = "<group>"; };
		3BB416B8190A9999007A8658 /* UnwindDemoTests.xctest */ = {isa = PBXFileReference; explicitFileType = wrapper.cfbundle; includeInIndex = 0; path = UnwindDemoTests.xctest; sourceTree = BUILT_PRODUCTS_DIR; };
		3BB416B9190A9999007A8658 /* XCTest.framework */ = {isa = PBXFileReference; lastKnownFileType = wrapper.framework; name = XCTest.framework; path = Library/Frameworks/XCTest.framework; sourceTree = DEVELOPER_DIR; };
		3BB416C1190A9999007A8658 /* UnwindDemoTests-Info.plist */ = {isa = PBXFileReference; lastKnownFileType = text.plist.xml; path = "UnwindDemoTests-Info.plist"; sourceTree = "<group>"; };
		3BB416C3190A9999007A8658 /* en */ = {isa = PBXFileReference; lastKnownFileType = text.plist.strings; name = en; path = en.lproj/InfoPlist.strings; sourceTree = "<group>"; };
		3BB416C5190A9999007A8658 /* UnwindDemoTests.m */ = {isa = PBXFileReference; lastKnownFileType = sourcecode.c.objc; path = UnwindDemoTests.m; sourceTree = "<group>"; };
		3BB416CF190A9FAC007A8658 /* SFSWeighInInfo.h */ = {isa = PBXFileReference; fileEncoding = 4; lastKnownFileType = sourcecode.c.h; path = SFSWeighInInfo.h; sourceTree = "<group>"; };
		3BB416D0190A9FAC007A8658 /* SFSWeighInInfo.m */ = {isa = PBXFileReference; fileEncoding = 4; lastKnownFileType = sourcecode.c.objc; path = SFSWeighInInfo.m; sourceTree = "<group>"; };
		3BB416D2190AA247007A8658 /* SFSWeighInsTableViewController.h */ = {isa = PBXFileReference; fileEncoding = 4; lastKnownFileType = sourcecode.c.h; path = SFSWeighInsTableViewController.h; sourceTree = "<group>"; };
		3BB416D3190AA247007A8658 /* SFSWeighInsTableViewController.m */ = {isa = PBXFileReference; fileEncoding = 4; lastKnownFileType = sourcecode.c.objc; path = SFSWeighInsTableViewController.m; sourceTree = "<group>"; };
		3BB416D5190ACA68007A8658 /* SFSWeighInDetailViewController.h */ = {isa = PBXFileReference; fileEncoding = 4; lastKnownFileType = sourcecode.c.h; path = SFSWeighInDetailViewController.h; sourceTree = "<group>"; };
		3BB416D6190ACA68007A8658 /* SFSWeighInDetailViewController.m */ = {isa = PBXFileReference; fileEncoding = 4; lastKnownFileType = sourcecode.c.objc; path = SFSWeighInDetailViewController.m; sourceTree = "<group>"; };
/* End PBXFileReference section */

/* Begin PBXFrameworksBuildPhase section */
		3BB41694190A9999007A8658 /* Frameworks */ = {
			isa = PBXFrameworksBuildPhase;
			buildActionMask = 2147483647;
			files = (
				3BB4169D190A9999007A8658 /* CoreGraphics.framework in Frameworks */,
				3BB4169F190A9999007A8658 /* UIKit.framework in Frameworks */,
				3BB4169B190A9999007A8658 /* Foundation.framework in Frameworks */,
			);
			runOnlyForDeploymentPostprocessing = 0;
		};
		3BB416B5190A9999007A8658 /* Frameworks */ = {
			isa = PBXFrameworksBuildPhase;
			buildActionMask = 2147483647;
			files = (
				3BB416BA190A9999007A8658 /* XCTest.framework in Frameworks */,
				3BB416BC190A9999007A8658 /* UIKit.framework in Frameworks */,
				3BB416BB190A9999007A8658 /* Foundation.framework in Frameworks */,
			);
			runOnlyForDeploymentPostprocessing = 0;
		};
/* End PBXFrameworksBuildPhase section */

/* Begin PBXGroup section */
		3BB4168E190A9999007A8658 = {
			isa = PBXGroup;
			children = (
				3BB416A0190A9999007A8658 /* UnwindDemo */,
				3BB416BF190A9999007A8658 /* UnwindDemoTests */,
				3BB41699190A9999007A8658 /* Frameworks */,
				3BB41698190A9999007A8658 /* Products */,
			);
			sourceTree = "<group>";
		};
		3BB41698190A9999007A8658 /* Products */ = {
			isa = PBXGroup;
			children = (
				3BB41697190A9999007A8658 /* UnwindDemo.app */,
				3BB416B8190A9999007A8658 /* UnwindDemoTests.xctest */,
			);
			name = Products;
			sourceTree = "<group>";
		};
		3BB41699190A9999007A8658 /* Frameworks */ = {
			isa = PBXGroup;
			children = (
				3BB4169A190A9999007A8658 /* Foundation.framework */,
				3BB4169C190A9999007A8658 /* CoreGraphics.framework */,
				3BB4169E190A9999007A8658 /* UIKit.framework */,
				3BB416B9190A9999007A8658 /* XCTest.framework */,
			);
			name = Frameworks;
			sourceTree = "<group>";
		};
		3BB416A0190A9999007A8658 /* UnwindDemo */ = {
			isa = PBXGroup;
			children = (
				3BB416CF190A9FAC007A8658 /* SFSWeighInInfo.h */,
				3BB416D0190A9FAC007A8658 /* SFSWeighInInfo.m */,
				3BB416A9190A9999007A8658 /* SFSAppDelegate.h */,
				3BB416AA190A9999007A8658 /* SFSAppDelegate.m */,
				3BB416AC190A9999007A8658 /* Main.storyboard */,
				3BB416D2190AA247007A8658 /* SFSWeighInsTableViewController.h */,
				3BB416D3190AA247007A8658 /* SFSWeighInsTableViewController.m */,
				3BB416D5190ACA68007A8658 /* SFSWeighInDetailViewController.h */,
				3BB416D6190ACA68007A8658 /* SFSWeighInDetailViewController.m */,
				3BB416B2190A9999007A8658 /* Images.xcassets */,
				3BB416A1190A9999007A8658 /* Supporting Files */,
			);
			path = UnwindDemo;
			sourceTree = "<group>";
		};
		3BB416A1190A9999007A8658 /* Supporting Files */ = {
			isa = PBXGroup;
			children = (
				3BB416A2190A9999007A8658 /* UnwindDemo-Info.plist */,
				3BB416A3190A9999007A8658 /* InfoPlist.strings */,
				3BB416A6190A9999007A8658 /* main.m */,
				3BB416A8190A9999007A8658 /* UnwindDemo-Prefix.pch */,
			);
			name = "Supporting Files";
			sourceTree = "<group>";
		};
		3BB416BF190A9999007A8658 /* UnwindDemoTests */ = {
			isa = PBXGroup;
			children = (
				3BB416C5190A9999007A8658 /* UnwindDemoTests.m */,
				3BB416C0190A9999007A8658 /* Supporting Files */,
			);
			path = UnwindDemoTests;
			sourceTree = "<group>";
		};
		3BB416C0190A9999007A8658 /* Supporting Files */ = {
			isa = PBXGroup;
			children = (
				3BB416C1190A9999007A8658 /* UnwindDemoTests-Info.plist */,
				3BB416C2190A9999007A8658 /* InfoPlist.strings */,
			);
			name = "Supporting Files";
			sourceTree = "<group>";
		};
/* End PBXGroup section */

/* Begin PBXNativeTarget section */
		3BB41696190A9999007A8658 /* UnwindDemo */ = {
			isa = PBXNativeTarget;
			buildConfigurationList = 3BB416C9190A9999007A8658 /* Build configuration list for PBXNativeTarget "UnwindDemo" */;
			buildPhases = (
				3BB41693190A9999007A8658 /* Sources */,
				3BB41694190A9999007A8658 /* Frameworks */,
				3BB41695190A9999007A8658 /* Resources */,
			);
			buildRules = (
			);
			dependencies = (
			);
			name = UnwindDemo;
			productName = UnwindDemo;
			productReference = 3BB41697190A9999007A8658 /* UnwindDemo.app */;
			productType = "com.apple.product-type.application";
		};
		3BB416B7190A9999007A8658 /* UnwindDemoTests */ = {
			isa = PBXNativeTarget;
			buildConfigurationList = 3BB416CC190A9999007A8658 /* Build configuration list for PBXNativeTarget "UnwindDemoTests" */;
			buildPhases = (
				3BB416B4190A9999007A8658 /* Sources */,
				3BB416B5190A9999007A8658 /* Frameworks */,
				3BB416B6190A9999007A8658 /* Resources */,
			);
			buildRules = (
			);
			dependencies = (
				3BB416BE190A9999007A8658 /* PBXTargetDependency */,
			);
			name = UnwindDemoTests;
			productName = UnwindDemoTests;
			productReference = 3BB416B8190A9999007A8658 /* UnwindDemoTests.xctest */;
			productType = "com.apple.product-type.bundle.unit-test";
		};
/* End PBXNativeTarget section */

/* Begin PBXProject section */
		3BB4168F190A9999007A8658 /* Project object */ = {
			isa = PBXProject;
			attributes = {
				CLASSPREFIX = SFS;
				LastUpgradeCheck = 0510;
				ORGANIZATIONNAME = "Six Five Software, LLC";
				TargetAttributes = {
					3BB416B7190A9999007A8658 = {
						TestTargetID = 3BB41696190A9999007A8658;
					};
				};
			};
			buildConfigurationList = 3BB41692190A9999007A8658 /* Build configuration list for PBXProject "UnwindDemo" */;
			compatibilityVersion = "Xcode 3.2";
			developmentRegion = English;
			hasScannedForEncodings = 0;
			knownRegions = (
				en,
				Base,
			);
			mainGroup = 3BB4168E190A9999007A8658;
			productRefGroup = 3BB41698190A9999007A8658 /* Products */;
			projectDirPath = "";
			projectRoot = "";
			targets = (
				3BB41696190A9999007A8658 /* UnwindDemo */,
				3BB416B7190A9999007A8658 /* UnwindDemoTests */,
			);
		};
/* End PBXProject section */

/* Begin PBXResourcesBuildPhase section */
		3BB41695190A9999007A8658 /* Resources */ = {
			isa = PBXResourcesBuildPhase;
			buildActionMask = 2147483647;
			files = (
				3BB416B3190A9999007A8658 /* Images.xcassets in Resources */,
				3BB416A5190A9999007A8658 /* InfoPlist.strings in Resources */,
				3BB416AE190A9999007A8658 /* Main.storyboard in Resources */,
			);
			runOnlyForDeploymentPostprocessing = 0;
		};
		3BB416B6190A9999007A8658 /* Resources */ = {
			isa = PBXResourcesBuildPhase;
			buildActionMask = 2147483647;
			files = (
				3BB416C4190A9999007A8658 /* InfoPlist.strings in Resources */,
			);
			runOnlyForDeploymentPostprocessing = 0;
		};
/* End PBXResourcesBuildPhase section */

/* Begin PBXSourcesBuildPhase section */
		3BB41693190A9999007A8658 /* Sources */ = {
			isa = PBXSourcesBuildPhase;
			buildActionMask = 2147483647;
			files = (
				3BB416D7190ACA68007A8658 /* SFSWeighInDetailViewController.m in Sources */,
				3BB416A7190A9999007A8658 /* main.m in Sources */,
				3BB416AB190A9999007A8658 /* SFSAppDelegate.m in Sources */,
				3BB416D1190A9FAC007A8658 /* SFSWeighInInfo.m in Sources */,
				3BB416D4190AA247007A8658 /* SFSWeighInsTableViewController.m in Sources */,
			);
			runOnlyForDeploymentPostprocessing = 0;
		};
		3BB416B4190A9999007A8658 /* Sources */ = {
			isa = PBXSourcesBuildPhase;
			buildActionMask = 2147483647;
			files = (
				3BB416C6190A9999007A8658 /* UnwindDemoTests.m in Sources */,
			);
			runOnlyForDeploymentPostprocessing = 0;
		};
/* End PBXSourcesBuildPhase section */

/* Begin PBXTargetDependency section */
		3BB416BE190A9999007A8658 /* PBXTargetDependency */ = {
			isa = PBXTargetDependency;
			target = 3BB41696190A9999007A8658 /* UnwindDemo */;
			targetProxy = 3BB416BD190A9999007A8658 /* PBXContainerItemProxy */;
		};
/* End PBXTargetDependency section */

/* Begin PBXVariantGroup section */
		3BB416A3190A9999007A8658 /* InfoPlist.strings */ = {
			isa = PBXVariantGroup;
			children = (
				3BB416A4190A9999007A8658 /* en */,
			);
			name = InfoPlist.strings;
			sourceTree = "<group>";
		};
		3BB416AC190A9999007A8658 /* Main.storyboard */ = {
			isa = PBXVariantGroup;
			children = (
				3BB416AD190A9999007A8658 /* Base */,
			);
			name = Main.storyboard;
			sourceTree = "<group>";
		};
		3BB416C2190A9999007A8658 /* InfoPlist.strings */ = {
			isa = PBXVariantGroup;
			children = (
				3BB416C3190A9999007A8658 /* en */,
			);
			name = InfoPlist.strings;
			sourceTree = "<group>";
		};
/* End PBXVariantGroup section */

/* Begin XCBuildConfiguration section */
		3BB416C7190A9999007A8658 /* Debug */ = {
			isa = XCBuildConfiguration;
			buildSettings = {
				ALWAYS_SEARCH_USER_PATHS = NO;
				CLANG_CXX_LANGUAGE_STANDARD = "gnu++0x";
				CLANG_CXX_LIBRARY = "libc++";
				CLANG_ENABLE_MODULES = YES;
				CLANG_ENABLE_OBJC_ARC = YES;
				CLANG_WARN_BOOL_CONVERSION = YES;
				CLANG_WARN_CONSTANT_CONVERSION = YES;
				CLANG_WARN_DIRECT_OBJC_ISA_USAGE = YES_ERROR;
				CLANG_WARN_EMPTY_BODY = YES;
				CLANG_WARN_ENUM_CONVERSION = YES;
				CLANG_WARN_INT_CONVERSION = YES;
				CLANG_WARN_OBJC_ROOT_CLASS = YES_ERROR;
				CLANG_WARN__DUPLICATE_METHOD_MATCH = YES;
				"CODE_SIGN_IDENTITY[sdk=iphoneos*]" = "iPhone Developer";
				COPY_PHASE_STRIP = NO;
				GCC_C_LANGUAGE_STANDARD = gnu99;
				GCC_DYNAMIC_NO_PIC = NO;
				GCC_OPTIMIZATION_LEVEL = 0;
				GCC_PREPROCESSOR_DEFINITIONS = (
					"DEBUG=1",
					"$(inherited)",
				);
				GCC_SYMBOLS_PRIVATE_EXTERN = NO;
				GCC_WARN_64_TO_32_BIT_CONVERSION = YES;
				GCC_WARN_ABOUT_RETURN_TYPE = YES_ERROR;
				GCC_WARN_UNDECLARED_SELECTOR = YES;
				GCC_WARN_UNINITIALIZED_AUTOS = YES_AGGRESSIVE;
				GCC_WARN_UNUSED_FUNCTION = YES;
				GCC_WARN_UNUSED_VARIABLE = YES;
				IPHONEOS_DEPLOYMENT_TARGET = 7.1;
				ONLY_ACTIVE_ARCH = YES;
				SDKROOT = iphoneos;
			};
			name = Debug;
		};
		3BB416C8190A9999007A8658 /* Release */ = {
			isa = XCBuildConfiguration;
			buildSettings = {
				ALWAYS_SEARCH_USER_PATHS = NO;
				CLANG_CXX_LANGUAGE_STANDARD = "gnu++0x";
				CLANG_CXX_LIBRARY = "libc++";
				CLANG_ENABLE_MODULES = YES;
				CLANG_ENABLE_OBJC_ARC = YES;
				CLANG_WARN_BOOL_CONVERSION = YES;
				CLANG_WARN_CONSTANT_CONVERSION = YES;
				CLANG_WARN_DIRECT_OBJC_ISA_USAGE = YES_ERROR;
				CLANG_WARN_EMPTY_BODY = YES;
				CLANG_WARN_ENUM_CONVERSION = YES;
				CLANG_WARN_INT_CONVERSION = YES;
				CLANG_WARN_OBJC_ROOT_CLASS = YES_ERROR;
				CLANG_WARN__DUPLICATE_METHOD_MATCH = YES;
				"CODE_SIGN_IDENTITY[sdk=iphoneos*]" = "iPhone Developer";
				COPY_PHASE_STRIP = YES;
				ENABLE_NS_ASSERTIONS = NO;
				GCC_C_LANGUAGE_STANDARD = gnu99;
				GCC_WARN_64_TO_32_BIT_CONVERSION = YES;
				GCC_WARN_ABOUT_RETURN_TYPE = YES_ERROR;
				GCC_WARN_UNDECLARED_SELECTOR = YES;
				GCC_WARN_UNINITIALIZED_AUTOS = YES_AGGRESSIVE;
				GCC_WARN_UNUSED_FUNCTION = YES;
				GCC_WARN_UNUSED_VARIABLE = YES;
				IPHONEOS_DEPLOYMENT_TARGET = 7.1;
				SDKROOT = iphoneos;
				VALIDATE_PRODUCT = YES;
			};
			name = Release;
		};
		3BB416CA190A9999007A8658 /* Debug */ = {
			isa = XCBuildConfiguration;
			buildSettings = {
				ASSETCATALOG_COMPILER_APPICON_NAME = AppIcon;
				ASSETCATALOG_COMPILER_LAUNCHIMAGE_NAME = LaunchImage;
				GCC_PRECOMPILE_PREFIX_HEADER = YES;
				GCC_PREFIX_HEADER = "UnwindDemo/UnwindDemo-Prefix.pch";
				INFOPLIST_FILE = "UnwindDemo/UnwindDemo-Info.plist";
				PRODUCT_NAME = "$(TARGET_NAME)";
				WRAPPER_EXTENSION = app;
			};
			name = Debug;
		};
		3BB416CB190A9999007A8658 /* Release */ = {
			isa = XCBuildConfiguration;
			buildSettings = {
				ASSETCATALOG_COMPILER_APPICON_NAME = AppIcon;
				ASSETCATALOG_COMPILER_LAUNCHIMAGE_NAME = LaunchImage;
				GCC_PRECOMPILE_PREFIX_HEADER = YES;
				GCC_PREFIX_HEADER = "UnwindDemo/UnwindDemo-Prefix.pch";
				INFOPLIST_FILE = "UnwindDemo/UnwindDemo-Info.plist";
				PRODUCT_NAME = "$(TARGET_NAME)";
				WRAPPER_EXTENSION = app;
			};
			name = Release;
		};
		3BB416CD190A9999007A8658 /* Debug */ = {
			isa = XCBuildConfiguration;
			buildSettings = {
				BUNDLE_LOADER = "$(BUILT_PRODUCTS_DIR)/UnwindDemo.app/UnwindDemo";
				FRAMEWORK_SEARCH_PATHS = (
					"$(SDKROOT)/Developer/Library/Frameworks",
					"$(inherited)",
					"$(DEVELOPER_FRAMEWORKS_DIR)",
				);
				GCC_PRECOMPILE_PREFIX_HEADER = YES;
				GCC_PREFIX_HEADER = "UnwindDemo/UnwindDemo-Prefix.pch";
				GCC_PREPROCESSOR_DEFINITIONS = (
					"DEBUG=1",
					"$(inherited)",
				);
				INFOPLIST_FILE = "UnwindDemoTests/UnwindDemoTests-Info.plist";
				PRODUCT_NAME = "$(TARGET_NAME)";
				TEST_HOST = "$(BUNDLE_LOADER)";
				WRAPPER_EXTENSION = xctest;
			};
			name = Debug;
		};
		3BB416CE190A9999007A8658 /* Release */ = {
			isa = XCBuildConfiguration;
			buildSettings = {
				BUNDLE_LOADER = "$(BUILT_PRODUCTS_DIR)/UnwindDemo.app/UnwindDemo";
				FRAMEWORK_SEARCH_PATHS = (
					"$(SDKROOT)/Developer/Library/Frameworks",
					"$(inherited)",
					"$(DEVELOPER_FRAMEWORKS_DIR)",
				);
				GCC_PRECOMPILE_PREFIX_HEADER = YES;
				GCC_PREFIX_HEADER = "UnwindDemo/UnwindDemo-Prefix.pch";
				INFOPLIST_FILE = "UnwindDemoTests/UnwindDemoTests-Info.plist";
				PRODUCT_NAME = "$(TARGET_NAME)";
				TEST_HOST = "$(BUNDLE_LOADER)";
				WRAPPER_EXTENSION = xctest;
			};
			name = Release;
		};
/* End XCBuildConfiguration section */

/* Begin XCConfigurationList section */
		3BB41692190A9999007A8658 /* Build configuration list for PBXProject "UnwindDemo" */ = {
			isa = XCConfigurationList;
			buildConfigurations = (
				3BB416C7190A9999007A8658 /* Debug */,
				3BB416C8190A9999007A8658 /* Release */,
			);
			defaultConfigurationIsVisible = 0;
			defaultConfigurationName = Release;
		};
		3BB416C9190A9999007A8658 /* Build configuration list for PBXNativeTarget "UnwindDemo" */ = {
			isa = XCConfigurationList;
			buildConfigurations = (
				3BB416CA190A9999007A8658 /* Debug */,
				3BB416CB190A9999007A8658 /* Release */,
			);
			defaultConfigurationIsVisible = 0;
			defaultConfigurationName = Release;
		};
		3BB416CC190A9999007A8658 /* Build configuration list for PBXNativeTarget "UnwindDemoTests" */ = {
			isa = XCConfigurationList;
			buildConfigurations = (
				3BB416CD190A9999007A8658 /* Debug */,
				3BB416CE190A9999007A8658 /* Release */,
			);
			defaultConfigurationIsVisible = 0;
			defaultConfigurationName = Release;
		};
/* End XCConfigurationList section */
	};
	rootObject = 3BB4168F190A9999007A8658 /* Project object */;
}
